
Microsoft Visual Studio Solution File, Format Version 12.00
# Visual Studio 14
VisualStudioVersion = 14.0.23107.0
MinimumVisualStudioVersion = 10.0.40219.1
Project("{FAE04EC0-301F-11D3-BF4B-00C04F79EFBC}") = "WebDriver", "WebDriver\WebDriver.csproj", "{4006C25B-6688-4563-A7B4-A3B5B136762D}"
EndProject
Project("{FAE04EC0-301F-11D3-BF4B-00C04F79EFBC}") = "Test1", "..\Test1\Test1.csproj", "{F12A85A3-2286-4E0A-A1BB-FEB6D823C72E}"
EndProject
Global
	GlobalSection(SolutionConfigurationPlatforms) = preSolution
		Debug|Any CPU = Debug|Any CPU
		Release|Any CPU = Release|Any CPU
	EndGlobalSection
	GlobalSection(ProjectConfigurationPlatforms) = postSolution
		{4006C25B-6688-4563-A7B4-A3B5B136762D}.Debug|Any CPU.ActiveCfg = Debug|Any CPU
		{4006C25B-6688-4563-A7B4-A3B5B136762D}.Debug|Any CPU.Build.0 = Debug|Any CPU
		{4006C25B-6688-4563-A7B4-A3B5B136762D}.Release|Any CPU.ActiveCfg = Release|Any CPU
		{4006C25B-6688-4563-A7B4-A3B5B136762D}.Release|Any CPU.Build.0 = Release|Any CPU
		{F12A85A3-2286-4E0A-A1BB-FEB6D823C72E}.Debug|Any CPU.ActiveCfg = Debug|Any CPU
		{F12A85A3-2286-4E0A-A1BB-FEB6D823C72E}.Debug|Any CPU.Build.0 = Debug|Any CPU
		{F12A85A3-2286-4E0A-A1BB-FEB6D823C72E}.Release|Any CPU.ActiveCfg = Release|Any CPU
		{F12A85A3-2286-4E0A-A1BB-FEB6D823C72E}.Release|Any CPU.Build.0 = Release|Any CPU
	EndGlobalSection
	GlobalSection(SolutionProperties) = preSolution
		HideSolutionNode = FALSE
	EndGlobalSection
EndGlobal
